
Microsoft Visual Studio Solution File, Format Version 12.00
# Visual Studio Version 17
VisualStudioVersion = 17.8.34330.188
MinimumVisualStudioVersion = 10.0.40219.1
Project("{FAE04EC0-301F-11D3-BF4B-00C04F79EFBC}") = "Code_Practice", "Code_Practice.csproj", "{CAEDADD5-D267-425E-B326-9F7CE37412A7}"
EndProject
Global
	GlobalSection(SolutionConfigurationPlatforms) = preSolution
		Debug|Any CPU = Debug|Any CPU
		Release|Any CPU = Release|Any CPU
	EndGlobalSection
	GlobalSection(ProjectConfigurationPlatforms) = postSolution
		{CAEDADD5-D267-425E-B326-9F7CE37412A7}.Debug|Any CPU.ActiveCfg = Debug|Any CPU
		{CAEDADD5-D267-425E-B326-9F7CE37412A7}.Debug|Any CPU.Build.0 = Debug|Any CPU
		{CAEDADD5-D267-425E-B326-9F7CE37412A7}.Release|Any CPU.ActiveCfg = Release|Any CPU
		{CAEDADD5-D267-425E-B326-9F7CE37412A7}.Release|Any CPU.Build.0 = Release|Any CPU
	EndGlobalSection
	GlobalSection(SolutionProperties) = preSolution
		HideSolutionNode = FALSE
	EndGlobalSection
	GlobalSection(ExtensibilityGlobals) = postSolution
		SolutionGuid = {83DA00C1-60A6-4171-8425-FDCCD3D44AAA}
	EndGlobalSection
EndGlobal
